// !$*UTF8*$!
{
	archiveVersion = 1;
	classes = {
	};
	objectVersion = 77;
	objects = {

/* Begin PBXContainerItemProxy section */
		6206E6C12D8F108E00E38A43 /* PBXContainerItemProxy */ = {
			isa = PBXContainerItemProxy;
			containerPortal = 6206E6A32D8F108C00E38A43 /* Project object */;
			proxyType = 1;
			remoteGlobalIDString = 6206E6AA2D8F108C00E38A43;
			remoteInfo = "REI App";
		};
		6206E6CB2D8F108E00E38A43 /* PBXContainerItemProxy */ = {
			isa = PBXContainerItemProxy;
			containerPortal = 6206E6A32D8F108C00E38A43 /* Project object */;
			proxyType = 1;
			remoteGlobalIDString = 6206E6AA2D8F108C00E38A43;
			remoteInfo = "REI App";
		};
/* End PBXContainerItemProxy section */

/* Begin PBXFileReference section */
		6206E6AB2D8F108C00E38A43 /* REI App.app */ = {isa = PBXFileReference; explicitFileType = wrapper.application; includeInIndex = 0; path = "REI App.app"; sourceTree = BUILT_PRODUCTS_DIR; };
		6206E6C02D8F108E00E38A43 /* REI AppTests.xctest */ = {isa = PBXFileReference; explicitFileType = wrapper.cfbundle; includeInIndex = 0; path = "REI AppTests.xctest"; sourceTree = BUILT_PRODUCTS_DIR; };
		6206E6CA2D8F108E00E38A43 /* REI AppUITests.xctest */ = {isa = PBXFileReference; explicitFileType = wrapper.cfbundle; includeInIndex = 0; path = "REI AppUITests.xctest"; sourceTree = BUILT_PRODUCTS_DIR; };
/* End PBXFileReference section */

/* Begin PBXFileSystemSynchronizedRootGroup section */
		6206E6AD2D8F108C00E38A43 /* REI App */ = {
			isa = PBXFileSystemSynchronizedRootGroup;
			path = "REI App";
			sourceTree = "<group>";
		};
		6206E6C32D8F108E00E38A43 /* REI AppTests */ = {
			isa = PBXFileSystemSynchronizedRootGroup;
			path = "REI AppTests";
			sourceTree = "<group>";
		};
		6206E6CD2D8F108E00E38A43 /* REI AppUITests */ = {
			isa = PBXFileSystemSynchronizedRootGroup;
			path = "REI AppUITests";
			sourceTree = "<group>";
		};
/* End PBXFileSystemSynchronizedRootGroup section */

/* Begin PBXFrameworksBuildPhase section */
		6206E6A82D8F108C00E38A43 /* Frameworks */ = {
			isa = PBXFrameworksBuildPhase;
			buildActionMask = 2147483647;
			files = (
			);
			runOnlyForDeploymentPostprocessing = 0;
		};
		6206E6BD2D8F108E00E38A43 /* Frameworks */ = {
			isa = PBXFrameworksBuildPhase;
			buildActionMask = 2147483647;
			files = (
			);
			runOnlyForDeploymentPostprocessing = 0;
		};
		6206E6C72D8F108E00E38A43 /* Frameworks */ = {
			isa = PBXFrameworksBuildPhase;
			buildActionMask = 2147483647;
			files = (
			);
			runOnlyForDeploymentPostprocessing = 0;
		};
/* End PBXFrameworksBuildPhase section */

/* Begin PBXGroup section */
		6206E6A22D8F108C00E38A43 = {
			isa = PBXGroup;
			children = (
				6206E6AD2D8F108C00E38A43 /* REI App */,
				6206E6C32D8F108E00E38A43 /* REI AppTests */,
				6206E6CD2D8F108E00E38A43 /* REI AppUITests */,
				6206E6AC2D8F108C00E38A43 /* Products */,
			);
			sourceTree = "<group>";
		};
		6206E6AC2D8F108C00E38A43 /* Products */ = {
			isa = PBXGroup;
			children = (
				6206E6AB2D8F108C00E38A43 /* REI App.app */,
				6206E6C02D8F108E00E38A43 /* REI AppTests.xctest */,
				6206E6CA2D8F108E00E38A43 /* REI AppUITests.xctest */,
			);
			name = Products;
			sourceTree = "<group>";
		};
/* End PBXGroup section */

/* Begin PBXNativeTarget section */
		6206E6AA2D8F108C00E38A43 /* REI App */ = {
			isa = PBXNativeTarget;
			buildConfigurationList = 6206E6D42D8F108E00E38A43 /* Build configuration list for PBXNativeTarget "REI App" */;
			buildPhases = (
				6206E6A72D8F108C00E38A43 /* Sources */,
				6206E6A82D8F108C00E38A43 /* Frameworks */,
				6206E6A92D8F108C00E38A43 /* Resources */,
			);
			buildRules = (
			);
			dependencies = (
			);
			fileSystemSynchronizedGroups = (
				6206E6AD2D8F108C00E38A43 /* REI App */,
			);
			name = "REI App";
			packageProductDependencies = (
			);
			productName = "REI App";
			productReference = 6206E6AB2D8F108C00E38A43 /* REI App.app */;
			productType = "com.apple.product-type.application";
		};
		6206E6BF2D8F108E00E38A43 /* REI AppTests */ = {
			isa = PBXNativeTarget;
			buildConfigurationList = 6206E6D72D8F108E00E38A43 /* Build configuration list for PBXNativeTarget "REI AppTests" */;
			buildPhases = (
				6206E6BC2D8F108E00E38A43 /* Sources */,
				6206E6BD2D8F108E00E38A43 /* Frameworks */,
				6206E6BE2D8F108E00E38A43 /* Resources */,
			);
			buildRules = (
			);
			dependencies = (
				6206E6C22D8F108E00E38A43 /* PBXTargetDependency */,
			);
			fileSystemSynchronizedGroups = (
				6206E6C32D8F108E00E38A43 /* REI AppTests */,
			);
			name = "REI AppTests";
			packageProductDependencies = (
			);
			productName = "REI AppTests";
			productReference = 6206E6C02D8F108E00E38A43 /* REI AppTests.xctest */;
			productType = "com.apple.product-type.bundle.unit-test";
		};
		6206E6C92D8F108E00E38A43 /* REI AppUITests */ = {
			isa = PBXNativeTarget;
			buildConfigurationList = 6206E6DA2D8F108E00E38A43 /* Build configuration list for PBXNativeTarget "REI AppUITests" */;
			buildPhases = (
				6206E6C62D8F108E00E38A43 /* Sources */,
				6206E6C72D8F108E00E38A43 /* Frameworks */,
				6206E6C82D8F108E00E38A43 /* Resources */,
			);
			buildRules = (
			);
			dependencies = (
				6206E6CC2D8F108E00E38A43 /* PBXTargetDependency */,
			);
			fileSystemSynchronizedGroups = (
				6206E6CD2D8F108E00E38A43 /* REI AppUITests */,
			);
			name = "REI AppUITests";
			packageProductDependencies = (
			);
			productName = "REI AppUITests";
			productReference = 6206E6CA2D8F108E00E38A43 /* REI AppUITests.xctest */;
			productType = "com.apple.product-type.bundle.ui-testing";
		};
/* End PBXNativeTarget section */

/* Begin PBXProject section */
		6206E6A32D8F108C00E38A43 /* Project object */ = {
			isa = PBXProject;
			attributes = {
				BuildIndependentTargetsInParallel = 1;
				LastSwiftUpdateCheck = 1620;
				LastUpgradeCheck = 1620;
				TargetAttributes = {
					6206E6AA2D8F108C00E38A43 = {
						CreatedOnToolsVersion = 16.2;
					};
					6206E6BF2D8F108E00E38A43 = {
						CreatedOnToolsVersion = 16.2;
						TestTargetID = 6206E6AA2D8F108C00E38A43;
					};
					6206E6C92D8F108E00E38A43 = {
						CreatedOnToolsVersion = 16.2;
						TestTargetID = 6206E6AA2D8F108C00E38A43;
					};
				};
			};
			buildConfigurationList = 6206E6A62D8F108C00E38A43 /* Build configuration list for PBXProject "REI App" */;
			developmentRegion = en;
			hasScannedForEncodings = 0;
			knownRegions = (
				en,
				Base,
			);
			mainGroup = 6206E6A22D8F108C00E38A43;
			minimizedProjectReferenceProxies = 1;
			preferredProjectObjectVersion = 77;
			productRefGroup = 6206E6AC2D8F108C00E38A43 /* Products */;
			projectDirPath = "";
			projectRoot = "";
			targets = (
				6206E6AA2D8F108C00E38A43 /* REI App */,
				6206E6BF2D8F108E00E38A43 /* REI AppTests */,
				6206E6C92D8F108E00E38A43 /* REI AppUITests */,
			);
		};
/* End PBXProject section */

/* Begin PBXResourcesBuildPhase section */
		6206E6A92D8F108C00E38A43 /* Resources */ = {
			isa = PBXResourcesBuildPhase;
			buildActionMask = 2147483647;
			files = (
			);
			runOnlyForDeploymentPostprocessing = 0;
		};
		6206E6BE2D8F108E00E38A43 /* Resources */ = {
			isa = PBXResourcesBuildPhase;
			buildActionMask = 2147483647;
			files = (
			);
			runOnlyForDeploymentPostprocessing = 0;
		};
		6206E6C82D8F108E00E38A43 /* Resources */ = {
			isa = PBXResourcesBuildPhase;
			buildActionMask = 2147483647;
			files = (
			);
			runOnlyForDeploymentPostprocessing = 0;
		};
/* End PBXResourcesBuildPhase section */

/* Begin PBXSourcesBuildPhase section */
		6206E6A72D8F108C00E38A43 /* Sources */ = {
			isa = PBXSourcesBuildPhase;
			buildActionMask = 2147483647;
			files = (
			);
			runOnlyForDeploymentPostprocessing = 0;
		};
		6206E6BC2D8F108E00E38A43 /* Sources */ = {
			isa = PBXSourcesBuildPhase;
			buildActionMask = 2147483647;
			files = (
			);
			runOnlyForDeploymentPostprocessing = 0;
		};
		6206E6C62D8F108E00E38A43 /* Sources */ = {
			isa = PBXSourcesBuildPhase;
			buildActionMask = 2147483647;
			files = (
			);
			runOnlyForDeploymentPostprocessing = 0;
		};
/* End PBXSourcesBuildPhase section */

/* Begin PBXTargetDependency section */
		6206E6C22D8F108E00E38A43 /* PBXTargetDependency */ = {
			isa = PBXTargetDependency;
			target = 6206E6AA2D8F108C00E38A43 /* REI App */;
			targetProxy = 6206E6C12D8F108E00E38A43 /* PBXContainerItemProxy */;
		};
		6206E6CC2D8F108E00E38A43 /* PBXTargetDependency */ = {
			isa = PBXTargetDependency;
			target = 6206E6AA2D8F108C00E38A43 /* REI App */;
			targetProxy = 6206E6CB2D8F108E00E38A43 /* PBXContainerItemProxy */;
		};
/* End PBXTargetDependency section */

/* Begin XCBuildConfiguration section */
		6206E6D22D8F108E00E38A43 /* Debug */ = {
			isa = XCBuildConfiguration;
			buildSettings = {
				ALWAYS_SEARCH_USER_PATHS = NO;
				ASSETCATALOG_COMPILER_GENERATE_SWIFT_ASSET_SYMBOL_EXTENSIONS = YES;
				CLANG_ANALYZER_NONNULL = YES;
				CLANG_ANALYZER_NUMBER_OBJECT_CONVERSION = YES_AGGRESSIVE;
				CLANG_CXX_LANGUAGE_STANDARD = "gnu++20";
				CLANG_ENABLE_MODULES = YES;
				CLANG_ENABLE_OBJC_ARC = YES;
				CLANG_ENABLE_OBJC_WEAK = YES;
				CLANG_WARN_BLOCK_CAPTURE_AUTORELEASING = YES;
				CLANG_WARN_BOOL_CONVERSION = YES;
				CLANG_WARN_COMMA = YES;
				CLANG_WARN_CONSTANT_CONVERSION = YES;
				CLANG_WARN_DEPRECATED_OBJC_IMPLEMENTATIONS = YES;
				CLANG_WARN_DIRECT_OBJC_ISA_USAGE = YES_ERROR;
				CLANG_WARN_DOCUMENTATION_COMMENTS = YES;
				CLANG_WARN_EMPTY_BODY = YES;
				CLANG_WARN_ENUM_CONVERSION = YES;
				CLANG_WARN_INFINITE_RECURSION = YES;
				CLANG_WARN_INT_CONVERSION = YES;
				CLANG_WARN_NON_LITERAL_NULL_CONVERSION = YES;
				CLANG_WARN_OBJC_IMPLICIT_RETAIN_SELF = YES;
				CLANG_WARN_OBJC_LITERAL_CONVERSION = YES;
				CLANG_WARN_OBJC_ROOT_CLASS = YES_ERROR;
				CLANG_WARN_QUOTED_INCLUDE_IN_FRAMEWORK_HEADER = YES;
				CLANG_WARN_RANGE_LOOP_ANALYSIS = YES;
				CLANG_WARN_STRICT_PROTOTYPES = YES;
				CLANG_WARN_SUSPICIOUS_MOVE = YES;
				CLANG_WARN_UNGUARDED_AVAILABILITY = YES_AGGRESSIVE;
				CLANG_WARN_UNREACHABLE_CODE = YES;
				CLANG_WARN__DUPLICATE_METHOD_MATCH = YES;
				COPY_PHASE_STRIP = NO;
				DEBUG_INFORMATION_FORMAT = dwarf;
				ENABLE_STRICT_OBJC_MSGSEND = YES;
				ENABLE_TESTABILITY = YES;
				ENABLE_USER_SCRIPT_SANDBOXING = YES;
				GCC_C_LANGUAGE_STANDARD = gnu17;
				GCC_DYNAMIC_NO_PIC = NO;
				GCC_NO_COMMON_BLOCKS = YES;
				GCC_OPTIMIZATION_LEVEL = 0;
				GCC_PREPROCESSOR_DEFINITIONS = (
					"DEBUG=1",
					"$(inherited)",
				);
				GCC_WARN_64_TO_32_BIT_CONVERSION = YES;
				GCC_WARN_ABOUT_RETURN_TYPE = YES_ERROR;
				GCC_WARN_UNDECLARED_SELECTOR = YES;
				GCC_WARN_UNINITIALIZED_AUTOS = YES_AGGRESSIVE;
				GCC_WARN_UNUSED_FUNCTION = YES;
				GCC_WARN_UNUSED_VARIABLE = YES;
				IPHONEOS_DEPLOYMENT_TARGET = 18.2;
				LOCALIZATION_PREFERS_STRING_CATALOGS = YES;
				MTL_ENABLE_DEBUG_INFO = INCLUDE_SOURCE;
				MTL_FAST_MATH = YES;
				ONLY_ACTIVE_ARCH = YES;
				SDKROOT = iphoneos;
				SWIFT_ACTIVE_COMPILATION_CONDITIONS = "DEBUG $(inherited)";
				SWIFT_OPTIMIZATION_LEVEL = "-Onone";
			};
			name = Debug;
		};
		6206E6D32D8F108E00E38A43 /* Release */ = {
			isa = XCBuildConfiguration;
			buildSettings = {
				ALWAYS_SEARCH_USER_PATHS = NO;
				ASSETCATALOG_COMPILER_GENERATE_SWIFT_ASSET_SYMBOL_EXTENSIONS = YES;
				CLANG_ANALYZER_NONNULL = YES;
				CLANG_ANALYZER_NUMBER_OBJECT_CONVERSION = YES_AGGRESSIVE;
				CLANG_CXX_LANGUAGE_STANDARD = "gnu++20";
				CLANG_ENABLE_MODULES = YES;
				CLANG_ENABLE_OBJC_ARC = YES;
				CLANG_ENABLE_OBJC_WEAK = YES;
				CLANG_WARN_BLOCK_CAPTURE_AUTORELEASING = YES;
				CLANG_WARN_BOOL_CONVERSION = YES;
				CLANG_WARN_COMMA = YES;
				CLANG_WARN_CONSTANT_CONVERSION = YES;
				CLANG_WARN_DEPRECATED_OBJC_IMPLEMENTATIONS = YES;
				CLANG_WARN_DIRECT_OBJC_ISA_USAGE = YES_ERROR;
				CLANG_WARN_DOCUMENTATION_COMMENTS = YES;
				CLANG_WARN_EMPTY_BODY = YES;
				CLANG_WARN_ENUM_CONVERSION = YES;
				CLANG_WARN_INFINITE_RECURSION = YES;
				CLANG_WARN_INT_CONVERSION = YES;
				CLANG_WARN_NON_LITERAL_NULL_CONVERSION = YES;
				CLANG_WARN_OBJC_IMPLICIT_RETAIN_SELF = YES;
				CLANG_WARN_OBJC_LITERAL_CONVERSION = YES;
				CLANG_WARN_OBJC_ROOT_CLASS = YES_ERROR;
				CLANG_WARN_QUOTED_INCLUDE_IN_FRAMEWORK_HEADER = YES;
				CLANG_WARN_RANGE_LOOP_ANALYSIS = YES;
				CLANG_WARN_STRICT_PROTOTYPES = YES;
				CLANG_WARN_SUSPICIOUS_MOVE = YES;
				CLANG_WARN_UNGUARDED_AVAILABILITY = YES_AGGRESSIVE;
				CLANG_WARN_UNREACHABLE_CODE = YES;
				CLANG_WARN__DUPLICATE_METHOD_MATCH = YES;
				COPY_PHASE_STRIP = NO;
				DEBUG_INFORMATION_FORMAT = "dwarf-with-dsym";
				ENABLE_NS_ASSERTIONS = NO;
				ENABLE_STRICT_OBJC_MSGSEND = YES;
				ENABLE_USER_SCRIPT_SANDBOXING = YES;
				GCC_C_LANGUAGE_STANDARD = gnu17;
				GCC_NO_COMMON_BLOCKS = YES;
				GCC_WARN_64_TO_32_BIT_CONVERSION = YES;
				GCC_WARN_ABOUT_RETURN_TYPE = YES_ERROR;
				GCC_WARN_UNDECLARED_SELECTOR = YES;
				GCC_WARN_UNINITIALIZED_AUTOS = YES_AGGRESSIVE;
				GCC_WARN_UNUSED_FUNCTION = YES;
				GCC_WARN_UNUSED_VARIABLE = YES;
				IPHONEOS_DEPLOYMENT_TARGET = 18.2;
				LOCALIZATION_PREFERS_STRING_CATALOGS = YES;
				MTL_ENABLE_DEBUG_INFO = NO;
				MTL_FAST_MATH = YES;
				SDKROOT = iphoneos;
				SWIFT_COMPILATION_MODE = wholemodule;
				VALIDATE_PRODUCT = YES;
			};
			name = Release;
		};
		6206E6D52D8F108E00E38A43 /* Debug */ = {
			isa = XCBuildConfiguration;
			buildSettings = {
				ASSETCATALOG_COMPILER_APPICON_NAME = AppIcon;
				ASSETCATALOG_COMPILER_GLOBAL_ACCENT_COLOR_NAME = AccentColor;
				CODE_SIGN_STYLE = Automatic;
				CURRENT_PROJECT_VERSION = 1;
				DEVELOPMENT_ASSET_PATHS = "\"REI App/Preview Content\"";
				DEVELOPMENT_TEAM = Q82JHHNM8P;
				ENABLE_PREVIEWS = YES;
				GENERATE_INFOPLIST_FILE = YES;
				INFOPLIST_KEY_UIApplicationSceneManifest_Generation = YES;
				INFOPLIST_KEY_UIApplicationSupportsIndirectInputEvents = YES;
				INFOPLIST_KEY_UILaunchScreen_Generation = YES;
				INFOPLIST_KEY_UISupportedInterfaceOrientations_iPad = "UIInterfaceOrientationPortrait UIInterfaceOrientationPortraitUpsideDown UIInterfaceOrientationLandscapeLeft UIInterfaceOrientationLandscapeRight";
				INFOPLIST_KEY_UISupportedInterfaceOrientations_iPhone = "UIInterfaceOrientationPortrait UIInterfaceOrientationLandscapeLeft UIInterfaceOrientationLandscapeRight";
				LD_RUNPATH_SEARCH_PATHS = (
					"$(inherited)",
					"@executable_path/Frameworks",
				);
				MARKETING_VERSION = 1.0;
				PRODUCT_BUNDLE_IDENTIFIER = "com.DurgaViswanadh.REI-App";
				PRODUCT_NAME = "$(TARGET_NAME)";
				SWIFT_EMIT_LOC_STRINGS = YES;
				SWIFT_VERSION = 5.0;
				TARGETED_DEVICE_FAMILY = "1,2";
			};
			name = Debug;
		};
		6206E6D62D8F108E00E38A43 /* Release */ = {
			isa = XCBuildConfiguration;
			buildSettings = {
				ASSETCATALOG_COMPILER_APPICON_NAME = AppIcon;
				ASSETCATALOG_COMPILER_GLOBAL_ACCENT_COLOR_NAME = AccentColor;
				CODE_SIGN_STYLE = Automatic;
				CURRENT_PROJECT_VERSION = 1;
				DEVELOPMENT_ASSET_PATHS = "\"REI App/Preview Content\"";
				DEVELOPMENT_TEAM = Q82JHHNM8P;
				ENABLE_PREVIEWS = YES;
				GENERATE_INFOPLIST_FILE = YES;
				INFOPLIST_KEY_UIApplicationSceneManifest_Generation = YES;
				INFOPLIST_KEY_UIApplicationSupportsIndirectInputEvents = YES;
				INFOPLIST_KEY_UILaunchScreen_Generation = YES;
				INFOPLIST_KEY_UISupportedInterfaceOrientations_iPad = "UIInterfaceOrientationPortrait UIInterfaceOrientationPortraitUpsideDown UIInterfaceOrientationLandscapeLeft UIInterfaceOrientationLandscapeRight";
				INFOPLIST_KEY_UISupportedInterfaceOrientations_iPhone = "UIInterfaceOrientationPortrait UIInterfaceOrientationLandscapeLeft UIInterfaceOrientationLandscapeRight";
				LD_RUNPATH_SEARCH_PATHS = (
					"$(inherited)",
					"@executable_path/Frameworks",
				);
				MARKETING_VERSION = 1.0;
				PRODUCT_BUNDLE_IDENTIFIER = "com.DurgaViswanadh.REI-App";
				PRODUCT_NAME = "$(TARGET_NAME)";
				SWIFT_EMIT_LOC_STRINGS = YES;
				SWIFT_VERSION = 5.0;
				TARGETED_DEVICE_FAMILY = "1,2";
			};
			name = Release;
		};
		6206E6D82D8F108E00E38A43 /* Debug */ = {
			isa = XCBuildConfiguration;
			buildSettings = {
				BUNDLE_LOADER = "$(TEST_HOST)";
				CODE_SIGN_STYLE = Automatic;
				CURRENT_PROJECT_VERSION = 1;
				DEVELOPMENT_TEAM = Q82JHHNM8P;
				GENERATE_INFOPLIST_FILE = YES;
				IPHONEOS_DEPLOYMENT_TARGET = 18.2;
				MARKETING_VERSION = 1.0;
				PRODUCT_BUNDLE_IDENTIFIER = "com.DurgaViswanadh.REI-AppTests";
				PRODUCT_NAME = "$(TARGET_NAME)";
				SWIFT_EMIT_LOC_STRINGS = NO;
				SWIFT_VERSION = 5.0;
				TARGETED_DEVICE_FAMILY = "1,2";
				TEST_HOST = "$(BUILT_PRODUCTS_DIR)/REI App.app/$(BUNDLE_EXECUTABLE_FOLDER_PATH)/REI App";
			};
			name = Debug;
		};
		6206E6D92D8F108E00E38A43 /* Release */ = {
			isa = XCBuildConfiguration;
			buildSettings = {
				BUNDLE_LOADER = "$(TEST_HOST)";
				CODE_SIGN_STYLE = Automatic;
				CURRENT_PROJECT_VERSION = 1;
				DEVELOPMENT_TEAM = Q82JHHNM8P;
				GENERATE_INFOPLIST_FILE = YES;
				IPHONEOS_DEPLOYMENT_TARGET = 18.2;
				MARKETING_VERSION = 1.0;
				PRODUCT_BUNDLE_IDENTIFIER = "com.DurgaViswanadh.REI-AppTests";
				PRODUCT_NAME = "$(TARGET_NAME)";
				SWIFT_EMIT_LOC_STRINGS = NO;
				SWIFT_VERSION = 5.0;
				TARGETED_DEVICE_FAMILY = "1,2";
				TEST_HOST = "$(BUILT_PRODUCTS_DIR)/REI App.app/$(BUNDLE_EXECUTABLE_FOLDER_PATH)/REI App";
			};
			name = Release;
		};
		6206E6DB2D8F108E00E38A43 /* Debug */ = {
			isa = XCBuildConfiguration;
			buildSettings = {
				CODE_SIGN_STYLE = Automatic;
				CURRENT_PROJECT_VERSION = 1;
				DEVELOPMENT_TEAM = Q82JHHNM8P;
				GENERATE_INFOPLIST_FILE = YES;
				MARKETING_VERSION = 1.0;
				PRODUCT_BUNDLE_IDENTIFIER = "com.DurgaViswanadh.REI-AppUITests";
				PRODUCT_NAME = "$(TARGET_NAME)";
				SWIFT_EMIT_LOC_STRINGS = NO;
				SWIFT_VERSION = 5.0;
				TARGETED_DEVICE_FAMILY = "1,2";
				TEST_TARGET_NAME = "REI App";
			};
			name = Debug;
		};
		6206E6DC2D8F108E00E38A43 /* Release */ = {
			isa = XCBuildConfiguration;
			buildSettings = {
				CODE_SIGN_STYLE = Automatic;
				CURRENT_PROJECT_VERSION = 1;
				DEVELOPMENT_TEAM = Q82JHHNM8P;
				GENERATE_INFOPLIST_FILE = YES;
				MARKETING_VERSION = 1.0;
				PRODUCT_BUNDLE_IDENTIFIER = "com.DurgaViswanadh.REI-AppUITests";
				PRODUCT_NAME = "$(TARGET_NAME)";
				SWIFT_EMIT_LOC_STRINGS = NO;
				SWIFT_VERSION = 5.0;
				TARGETED_DEVICE_FAMILY = "1,2";
				TEST_TARGET_NAME = "REI App";
			};
			name = Release;
		};
/* End XCBuildConfiguration section */

/* Begin XCConfigurationList section */
		6206E6A62D8F108C00E38A43 /* Build configuration list for PBXProject "REI App" */ = {
			isa = XCConfigurationList;
			buildConfigurations = (
				6206E6D22D8F108E00E38A43 /* Debug */,
				6206E6D32D8F108E00E38A43 /* Release */,
			);
			defaultConfigurationIsVisible = 0;
			defaultConfigurationName = Release;
		};
		6206E6D42D8F108E00E38A43 /* Build configuration list for PBXNativeTarget "REI App" */ = {
			isa = XCConfigurationList;
			buildConfigurations = (
				6206E6D52D8F108E00E38A43 /* Debug */,
				6206E6D62D8F108E00E38A43 /* Release */,
			);
			defaultConfigurationIsVisible = 0;
			defaultConfigurationName = Release;
		};
		6206E6D72D8F108E00E38A43 /* Build configuration list for PBXNativeTarget "REI AppTests" */ = {
			isa = XCConfigurationList;
			buildConfigurations = (
				6206E6D82D8F108E00E38A43 /* Debug */,
				6206E6D92D8F108E00E38A43 /* Release */,
			);
			defaultConfigurationIsVisible = 0;
			defaultConfigurationName = Release;
		};
		6206E6DA2D8F108E00E38A43 /* Build configuration list for PBXNativeTarget "REI AppUITests" */ = {
			isa = XCConfigurationList;
			buildConfigurations = (
				6206E6DB2D8F108E00E38A43 /* Debug */,
				6206E6DC2D8F108E00E38A43 /* Release */,
			);
			defaultConfigurationIsVisible = 0;
			defaultConfigurationName = Release;
		};
/* End XCConfigurationList section */
	};
	rootObject = 6206E6A32D8F108C00E38A43 /* Project object */;
}
